{
  "name": "fav-mates",
  "version": "1.0.0",
  "lockfileVersion": 2,
  "requires": true,
  "packages": {
    "": {
      "name": "fav-mates",
      "version": "1.0.0",
      "license": "ISC",
      "dependencies": {
        "restaurant-menu": "^1.0.2"
      }
    },
    "node_modules/restaurant-menu": {
      "version": "1.0.2",
      "resolved": "https://registry.npmjs.org/restaurant-menu/-/restaurant-menu-1.0.2.tgz",
      "integrity": "sha512-4bjhmuD8p1E+BawdiaH+MZYF1+owm2piW4pfxEIJGa2IBDp7SY66+jKxB6IFHGpuRZlN5ZQSyXofdBHXo7/b8w=="
    }
  },
  "dependencies": {
    "restaurant-menu": {
      "version": "1.0.2",
      "resolved": "https://registry.npmjs.org/restaurant-menu/-/restaurant-menu-1.0.2.tgz",
      "integrity": "sha512-4bjhmuD8p1E+BawdiaH+MZYF1+owm2piW4pfxEIJGa2IBDp7SY66+jKxB6IFHGpuRZlN5ZQSyXofdBHXo7/b8w=="
    }
  }
}
